{
    "name": "tinkerforge",
    "version": "1.0.0",
    "lockfileVersion": 3,
    "requires": true,
    "packages": {
        "": {
            "name": "tinkerforge",
            "version": "1.0.0",
            "license": "MIT",
            "dependencies": {
                "tinkerforge": "^2.1.35"
            }
        },
        "node_modules/tinkerforge": {
            "version": "2.1.35",
            "resolved": "https://registry.npmjs.org/tinkerforge/-/tinkerforge-2.1.35.tgz",
            "integrity": "sha512-FUgSMxg2W2YlLqPvRpIcIjUiGP5HiUrltGbI/+cn1VDR+U6P0UUx3aTem3ByJDl/FwBCxIMnf+P/pa3lH82L4w==",
            "engines": {
                "node": ">=0.6"
            }
        }
    }
}
